# This file is automatically @generated by Poetry 1.8.3 and should not be changed by hand.

[[package]]
name = "aiosqlite"
version = "0.17.0"
description = "asyncio bridge to the standard sqlite3 module"
optional = false
python-versions = ">=3.6"
files = [
    {file = "aiosqlite-0.17.0-py3-none-any.whl", hash = "sha256:6c49dc6d3405929b1d08eeccc72306d3677503cc5e5e43771efc1e00232e8231"},
    {file = "aiosqlite-0.17.0.tar.gz", hash = "sha256:f0e6acc24bc4864149267ac82fb46dfb3be4455f99fe21df82609cc6e6baee51"},
]

[package.dependencies]
typing_extensions = ">=3.7.2"

[[package]]
name = "annotated-types"
version = "0.7.0"
description = "Reusable constraint types to use with typing.Annotated"
optional = false
python-versions = ">=3.8"
files = [
    {file = "annotated_types-0.7.0-py3-none-any.whl", hash = "sha256:1f02e8b43a8fbbc3f3e0d4f0f4bfc8131bcb4eebe8849b8e5c773f3a1c582a53"},
    {file = "annotated_types-0.7.0.tar.gz", hash = "sha256:aff07c09a53a08bc8cfccb9c85b05f1aa9a2a6f23728d790723543408344ce89"},
]

[package.dependencies]
typing-extensions = {version = ">=4.0.0", markers = "python_version < \"3.9\""}

[[package]]
name = "colorama"
version = "0.4.6"
description = "Cross-platform colored terminal text."
optional = false
python-versions = "!=3.0.*,!=3.1.*,!=3.2.*,!=3.3.*,!=3.4.*,!=3.5.*,!=3.6.*,>=2.7"
files = [
    {file = "colorama-0.4.6-py2.py3-none-any.whl", hash = "sha256:4f1d9991f5acc0ca119f9d443620b77f9d6b33703e51011c16baf57afb285fc6"},
    {file = "colorama-0.4.6.tar.gz", hash = "sha256:08695f5cb7ed6e0531a20572697297273c47b8cae5a63ffc6d6ed5c201be6e44"},
]

[[package]]
name = "coverage"
version = "7.6.0"
description = "Code coverage measurement for Python"
optional = false
python-versions = ">=3.8"
files = [
    {file = "coverage-7.6.0-cp310-cp310-macosx_10_9_x86_64.whl", hash = "sha256:dff044f661f59dace805eedb4a7404c573b6ff0cdba4a524141bc63d7be5c7fd"},
    {file = "coverage-7.6.0-cp310-cp310-macosx_11_0_arm64.whl", hash = "sha256:a8659fd33ee9e6ca03950cfdcdf271d645cf681609153f218826dd9805ab585c"},
    {file = "coverage-7.6.0-cp310-cp310-manylinux_2_17_aarch64.manylinux2014_aarch64.whl", hash = "sha256:7792f0ab20df8071d669d929c75c97fecfa6bcab82c10ee4adb91c7a54055463"},
    {file = "coverage-7.6.0-cp310-cp310-manylinux_2_5_i686.manylinux1_i686.manylinux_2_17_i686.manylinux2014_i686.whl", hash = "sha256:d4b3cd1ca7cd73d229487fa5caca9e4bc1f0bca96526b922d61053ea751fe791"},
    {file = "coverage-7.6.0-cp310-cp310-manylinux_2_5_x86_64.manylinux1_x86_64.manylinux_2_17_x86_64.manylinux2014_x86_64.whl", hash = "sha256:e7e128f85c0b419907d1f38e616c4f1e9f1d1b37a7949f44df9a73d5da5cd53c"},
    {file = "coverage-7.6.0-cp310-cp310-musllinux_1_2_aarch64.whl", hash = "sha256:a94925102c89247530ae1dab7dc02c690942566f22e189cbd53579b0693c0783"},
    {file = "coverage-7.6.0-cp310-cp310-musllinux_1_2_i686.whl", hash = "sha256:dcd070b5b585b50e6617e8972f3fbbee786afca71b1936ac06257f7e178f00f6"},
    {file = "coverage-7.6.0-cp310-cp310-musllinux_1_2_x86_64.whl", hash = "sha256:d50a252b23b9b4dfeefc1f663c568a221092cbaded20a05a11665d0dbec9b8fb"},
    {file = "coverage-7.6.0-cp310-cp310-win32.whl", hash = "sha256:0e7b27d04131c46e6894f23a4ae186a6a2207209a05df5b6ad4caee6d54a222c"},
    {file = "coverage-7.6.0-cp310-cp310-win_amd64.whl", hash = "sha256:54dece71673b3187c86226c3ca793c5f891f9fc3d8aa183f2e3653da18566169"},
    {file = "coverage-7.6.0-cp311-cp311-macosx_10_9_x86_64.whl", hash = "sha256:c7b525ab52ce18c57ae232ba6f7010297a87ced82a2383b1afd238849c1ff933"},
    {file = "coverage-7.6.0-cp311-cp311-macosx_11_0_arm64.whl", hash = "sha256:4bea27c4269234e06f621f3fac3925f56ff34bc14521484b8f66a580aacc2e7d"},
    {file = "coverage-7.6.0-cp311-cp311-manylinux_2_17_aarch64.manylinux2014_aarch64.whl", hash = "sha256:ed8d1d1821ba5fc88d4a4f45387b65de52382fa3ef1f0115a4f7a20cdfab0e94"},
    {file = "coverage-7.6.0-cp311-cp311-manylinux_2_5_i686.manylinux1_i686.manylinux_2_17_i686.manylinux2014_i686.whl", hash = "sha256:01c322ef2bbe15057bc4bf132b525b7e3f7206f071799eb8aa6ad1940bcf5fb1"},
    {file = "coverage-7.6.0-cp311-cp311-manylinux_2_5_x86_64.manylinux1_x86_64.manylinux_2_17_x86_64.manylinux2014_x86_64.whl", hash = "sha256:03cafe82c1b32b770a29fd6de923625ccac3185a54a5e66606da26d105f37dac"},
    {file = "coverage-7.6.0-cp311-cp311-musllinux_1_2_aarch64.whl", hash = "sha256:0d1b923fc4a40c5832be4f35a5dab0e5ff89cddf83bb4174499e02ea089daf57"},
    {file = "coverage-7.6.0-cp311-cp311-musllinux_1_2_i686.whl", hash = "sha256:4b03741e70fb811d1a9a1d75355cf391f274ed85847f4b78e35459899f57af4d"},
    {file = "coverage-7.6.0-cp311-cp311-musllinux_1_2_x86_64.whl", hash = "sha256:a73d18625f6a8a1cbb11eadc1d03929f9510f4131879288e3f7922097a429f63"},
    {file = "coverage-7.6.0-cp311-cp311-win32.whl", hash = "sha256:65fa405b837060db569a61ec368b74688f429b32fa47a8929a7a2f9b47183713"},
    {file = "coverage-7.6.0-cp311-cp311-win_amd64.whl", hash = "sha256:6379688fb4cfa921ae349c76eb1a9ab26b65f32b03d46bb0eed841fd4cb6afb1"},
    {file = "coverage-7.6.0-cp312-cp312-macosx_10_9_x86_64.whl", hash = "sha256:f7db0b6ae1f96ae41afe626095149ecd1b212b424626175a6633c2999eaad45b"},
    {file = "coverage-7.6.0-cp312-cp312-macosx_11_0_arm64.whl", hash = "sha256:bbdf9a72403110a3bdae77948b8011f644571311c2fb35ee15f0f10a8fc082e8"},
    {file = "coverage-7.6.0-cp312-cp312-manylinux_2_17_aarch64.manylinux2014_aarch64.whl", hash = "sha256:9cc44bf0315268e253bf563f3560e6c004efe38f76db03a1558274a6e04bf5d5"},
    {file = "coverage-7.6.0-cp312-cp312-manylinux_2_5_i686.manylinux1_i686.manylinux_2_17_i686.manylinux2014_i686.whl", hash = "sha256:da8549d17489cd52f85a9829d0e1d91059359b3c54a26f28bec2c5d369524807"},
    {file = "coverage-7.6.0-cp312-cp312-manylinux_2_5_x86_64.manylinux1_x86_64.manylinux_2_17_x86_64.manylinux2014_x86_64.whl", hash = "sha256:0086cd4fc71b7d485ac93ca4239c8f75732c2ae3ba83f6be1c9be59d9e2c6382"},
    {file = "coverage-7.6.0-cp312-cp312-musllinux_1_2_aarch64.whl", hash = "sha256:1fad32ee9b27350687035cb5fdf9145bc9cf0a094a9577d43e909948ebcfa27b"},
    {file = "coverage-7.6.0-cp312-cp312-musllinux_1_2_i686.whl", hash = "sha256:044a0985a4f25b335882b0966625270a8d9db3d3409ddc49a4eb00b0ef5e8cee"},
    {file = "coverage-7.6.0-cp312-cp312-musllinux_1_2_x86_64.whl", hash = "sha256:76d5f82213aa78098b9b964ea89de4617e70e0d43e97900c2778a50856dac605"},
    {file = "coverage-7.6.0-cp312-cp312-win32.whl", hash = "sha256:3c59105f8d58ce500f348c5b56163a4113a440dad6daa2294b5052a10db866da"},
    {file = "coverage-7.6.0-cp312-cp312-win_amd64.whl", hash = "sha256:ca5d79cfdae420a1d52bf177de4bc2289c321d6c961ae321503b2ca59c17ae67"},
    {file = "coverage-7.6.0-cp38-cp38-macosx_10_9_x86_64.whl", hash = "sha256:d39bd10f0ae453554798b125d2f39884290c480f56e8a02ba7a6ed552005243b"},
    {file = "coverage-7.6.0-cp38-cp38-macosx_11_0_arm64.whl", hash = "sha256:beb08e8508e53a568811016e59f3234d29c2583f6b6e28572f0954a6b4f7e03d"},
    {file = "coverage-7.6.0-cp38-cp38-manylinux_2_17_aarch64.manylinux2014_aarch64.whl", hash = "sha256:b2e16f4cd2bc4d88ba30ca2d3bbf2f21f00f382cf4e1ce3b1ddc96c634bc48ca"},
    {file = "coverage-7.6.0-cp38-cp38-manylinux_2_5_i686.manylinux1_i686.manylinux_2_17_i686.manylinux2014_i686.whl", hash = "sha256:6616d1c9bf1e3faea78711ee42a8b972367d82ceae233ec0ac61cc7fec09fa6b"},
    {file = "coverage-7.6.0-cp38-cp38-manylinux_2_5_x86_64.manylinux1_x86_64.manylinux_2_17_x86_64.manylinux2014_x86_64.whl", hash = "sha256:ad4567d6c334c46046d1c4c20024de2a1c3abc626817ae21ae3da600f5779b44"},
    {file = "coverage-7.6.0-cp38-cp38-musllinux_1_2_aarch64.whl", hash = "sha256:d17c6a415d68cfe1091d3296ba5749d3d8696e42c37fca5d4860c5bf7b729f03"},
    {file = "coverage-7.6.0-cp38-cp38-musllinux_1_2_i686.whl", hash = "sha256:9146579352d7b5f6412735d0f203bbd8d00113a680b66565e205bc605ef81bc6"},
    {file = "coverage-7.6.0-cp38-cp38-musllinux_1_2_x86_64.whl", hash = "sha256:cdab02a0a941af190df8782aafc591ef3ad08824f97850b015c8c6a8b3877b0b"},
    {file = "coverage-7.6.0-cp38-cp38-win32.whl", hash = "sha256:df423f351b162a702c053d5dddc0fc0ef9a9e27ea3f449781ace5f906b664428"},
    {file = "coverage-7.6.0-cp38-cp38-win_amd64.whl", hash = "sha256:f2501d60d7497fd55e391f423f965bbe9e650e9ffc3c627d5f0ac516026000b8"},
    {file = "coverage-7.6.0-cp39-cp39-macosx_10_9_x86_64.whl", hash = "sha256:7221f9ac9dad9492cecab6f676b3eaf9185141539d5c9689d13fd6b0d7de840c"},
    {file = "coverage-7.6.0-cp39-cp39-macosx_11_0_arm64.whl", hash = "sha256:ddaaa91bfc4477d2871442bbf30a125e8fe6b05da8a0015507bfbf4718228ab2"},
    {file = "coverage-7.6.0-cp39-cp39-manylinux_2_17_aarch64.manylinux2014_aarch64.whl", hash = "sha256:c4cbe651f3904e28f3a55d6f371203049034b4ddbce65a54527a3f189ca3b390"},
    {file = "coverage-7.6.0-cp39-cp39-manylinux_2_5_i686.manylinux1_i686.manylinux_2_17_i686.manylinux2014_i686.whl", hash = "sha256:831b476d79408ab6ccfadaaf199906c833f02fdb32c9ab907b1d4aa0713cfa3b"},
    {file = "coverage-7.6.0-cp39-cp39-manylinux_2_5_x86_64.manylinux1_x86_64.manylinux_2_17_x86_64.manylinux2014_x86_64.whl", hash = "sha256:46c3d091059ad0b9c59d1034de74a7f36dcfa7f6d3bde782c49deb42438f2450"},
    {file = "coverage-7.6.0-cp39-cp39-musllinux_1_2_aarch64.whl", hash = "sha256:4d5fae0a22dc86259dee66f2cc6c1d3e490c4a1214d7daa2a93d07491c5c04b6"},
    {file = "coverage-7.6.0-cp39-cp39-musllinux_1_2_i686.whl", hash = "sha256:07ed352205574aad067482e53dd606926afebcb5590653121063fbf4e2175166"},
    {file = "coverage-7.6.0-cp39-cp39-musllinux_1_2_x86_64.whl", hash = "sha256:49c76cdfa13015c4560702574bad67f0e15ca5a2872c6a125f6327ead2b731dd"},
    {file = "coverage-7.6.0-cp39-cp39-win32.whl", hash = "sha256:482855914928c8175735a2a59c8dc5806cf7d8f032e4820d52e845d1f731dca2"},
    {file = "coverage-7.6.0-cp39-cp39-win_amd64.whl", hash = "sha256:543ef9179bc55edfd895154a51792b01c017c87af0ebaae092720152e19e42ca"},
    {file = "coverage-7.6.0-pp38.pp39.pp310-none-any.whl", hash = "sha256:6fe885135c8a479d3e37a7aae61cbd3a0fb2deccb4dda3c25f92a49189f766d6"},
    {file = "coverage-7.6.0.tar.gz", hash = "sha256:289cc803fa1dc901f84701ac10c9ee873619320f2f9aff38794db4a4a0268d51"},
]

[package.extras]
toml = ["tomli"]

[[package]]
name = "exceptiongroup"
version = "1.1.1"
description = "Backport of PEP 654 (exception groups)"
optional = false
python-versions = ">=3.7"
files = [
    {file = "exceptiongroup-1.1.1-py3-none-any.whl", hash = "sha256:232c37c63e4f682982c8b6459f33a8981039e5fb8756b2074364e5055c498c9e"},
    {file = "exceptiongroup-1.1.1.tar.gz", hash = "sha256:d484c3090ba2889ae2928419117447a14daf3c1231d5e30d0aae34f354f01785"},
]

[package.extras]
test = ["pytest (>=6)"]

[[package]]
name = "iniconfig"
version = "2.0.0"
description = "brain-dead simple config-ini parsing"
optional = false
python-versions = ">=3.7"
files = [
    {file = "iniconfig-2.0.0-py3-none-any.whl", hash = "sha256:b6a85871a79d2e3b22d2d1b94ac2824226a63c6b741c88f7ae975f18b6778374"},
    {file = "iniconfig-2.0.0.tar.gz", hash = "sha256:2d91e135bf72d31a410b17c16da610a82cb55f6b0477d1a902134b24a455b8b3"},
]

[[package]]
name = "iso8601"
version = "1.1.0"
description = "Simple module to parse ISO 8601 dates"
optional = false
python-versions = ">=3.6.2,<4.0"
files = [
    {file = "iso8601-1.1.0-py3-none-any.whl", hash = "sha256:8400e90141bf792bce2634df533dc57e3bee19ea120a87bebcd3da89a58ad73f"},
    {file = "iso8601-1.1.0.tar.gz", hash = "sha256:32811e7b81deee2063ea6d2e94f8819a86d1f3811e49d23623a41fa832bef03f"},
]

[[package]]
name = "packaging"
version = "23.1"
description = "Core utilities for Python packages"
optional = false
python-versions = ">=3.7"
files = [
    {file = "packaging-23.1-py3-none-any.whl", hash = "sha256:994793af429502c4ea2ebf6bf664629d07c1a9fe974af92966e4b8d2df7edc61"},
    {file = "packaging-23.1.tar.gz", hash = "sha256:a392980d2b6cffa644431898be54b0045151319d1e7ec34f0cfed48767dd334f"},
]

[[package]]
name = "pluggy"
version = "1.5.0"
description = "plugin and hook calling mechanisms for python"
optional = false
python-versions = ">=3.8"
files = [
    {file = "pluggy-1.5.0-py3-none-any.whl", hash = "sha256:44e1ad92c8ca002de6377e165f3e0f1be63266ab4d554740532335b9d75ea669"},
    {file = "pluggy-1.5.0.tar.gz", hash = "sha256:2cffa88e94fdc978c4c574f15f9e59b7f4201d439195c3715ca9e2486f1d0cf1"},
]

[package.extras]
dev = ["pre-commit", "tox"]
testing = ["pytest", "pytest-benchmark"]

[[package]]
name = "pydantic"
version = "2.7.1"
description = "Data validation using Python type hints"
optional = false
python-versions = ">=3.8"
files = [
    {file = "pydantic-2.7.1-py3-none-any.whl", hash = "sha256:e029badca45266732a9a79898a15ae2e8b14840b1eabbb25844be28f0b33f3d5"},
    {file = "pydantic-2.7.1.tar.gz", hash = "sha256:e9dbb5eada8abe4d9ae5f46b9939aead650cd2b68f249bb3a8139dbe125803cc"},
]

[package.dependencies]
annotated-types = ">=0.4.0"
pydantic-core = "2.18.2"
typing-extensions = ">=4.6.1"

[package.extras]
email = ["email-validator (>=2.0.0)"]

[[package]]
name = "pydantic-core"
version = "2.18.2"
description = "Core functionality for Pydantic validation and serialization"
optional = false
python-versions = ">=3.8"
files = [
    {file = "pydantic_core-2.18.2-cp310-cp310-macosx_10_12_x86_64.whl", hash = "sha256:9e08e867b306f525802df7cd16c44ff5ebbe747ff0ca6cf3fde7f36c05a59a81"},
    {file = "pydantic_core-2.18.2-cp310-cp310-macosx_11_0_arm64.whl", hash = "sha256:f0a21cbaa69900cbe1a2e7cad2aa74ac3cf21b10c3efb0fa0b80305274c0e8a2"},
    {file = "pydantic_core-2.18.2-cp310-cp310-manylinux_2_17_aarch64.manylinux2014_aarch64.whl", hash = "sha256:0680b1f1f11fda801397de52c36ce38ef1c1dc841a0927a94f226dea29c3ae3d"},
    {file = "pydantic_core-2.18.2-cp310-cp310-manylinux_2_17_armv7l.manylinux2014_armv7l.whl", hash = "sha256:95b9d5e72481d3780ba3442eac863eae92ae43a5f3adb5b4d0a1de89d42bb250"},
    {file = "pydantic_core-2.18.2-cp310-cp310-manylinux_2_17_ppc64le.manylinux2014_ppc64le.whl", hash = "sha256:c4fcf5cd9c4b655ad666ca332b9a081112cd7a58a8b5a6ca7a3104bc950f2038"},
    {file = "pydantic_core-2.18.2-cp310-cp310-manylinux_2_17_s390x.manylinux2014_s390x.whl", hash = "sha256:9b5155ff768083cb1d62f3e143b49a8a3432e6789a3abee8acd005c3c7af1c74"},
    {file = "pydantic_core-2.18.2-cp310-cp310-manylinux_2_17_x86_64.manylinux2014_x86_64.whl", hash = "sha256:553ef617b6836fc7e4df130bb851e32fe357ce36336d897fd6646d6058d980af"},
    {file = "pydantic_core-2.18.2-cp310-cp310-manylinux_2_5_i686.manylinux1_i686.whl", hash = "sha256:b89ed9eb7d616ef5714e5590e6cf7f23b02d0d539767d33561e3675d6f9e3857"},
    {file = "pydantic_core-2.18.2-cp310-cp310-musllinux_1_1_aarch64.whl", hash = "sha256:75f7e9488238e920ab6204399ded280dc4c307d034f3924cd7f90a38b1829563"},
    {file = "pydantic_core-2.18.2-cp310-cp310-musllinux_1_1_x86_64.whl", hash = "sha256:ef26c9e94a8c04a1b2924149a9cb081836913818e55681722d7f29af88fe7b38"},
    {file = "pydantic_core-2.18.2-cp310-none-win32.whl", hash = "sha256:182245ff6b0039e82b6bb585ed55a64d7c81c560715d1bad0cbad6dfa07b4027"},
    {file = "pydantic_core-2.18.2-cp310-none-win_amd64.whl", hash = "sha256:e23ec367a948b6d812301afc1b13f8094ab7b2c280af66ef450efc357d2ae543"},
    {file = "pydantic_core-2.18.2-cp311-cp311-macosx_10_12_x86_64.whl", hash = "sha256:219da3f096d50a157f33645a1cf31c0ad1fe829a92181dd1311022f986e5fbe3"},
    {file = "pydantic_core-2.18.2-cp311-cp311-macosx_11_0_arm64.whl", hash = "sha256:cc1cfd88a64e012b74e94cd00bbe0f9c6df57049c97f02bb07d39e9c852e19a4"},
    {file = "pydantic_core-2.18.2-cp311-cp311-manylinux_2_17_aarch64.manylinux2014_aarch64.whl", hash = "sha256:05b7133a6e6aeb8df37d6f413f7705a37ab4031597f64ab56384c94d98fa0e90"},
    {file = "pydantic_core-2.18.2-cp311-cp311-manylinux_2_17_armv7l.manylinux2014_armv7l.whl", hash = "sha256:224c421235f6102e8737032483f43c1a8cfb1d2f45740c44166219599358c2cd"},
    {file = "pydantic_core-2.18.2-cp311-cp311-manylinux_2_17_ppc64le.manylinux2014_ppc64le.whl", hash = "sha256:b14d82cdb934e99dda6d9d60dc84a24379820176cc4a0d123f88df319ae9c150"},
    {file = "pydantic_core-2.18.2-cp311-cp311-manylinux_2_17_s390x.manylinux2014_s390x.whl", hash = "sha256:2728b01246a3bba6de144f9e3115b532ee44bd6cf39795194fb75491824a1413"},
    {file = "pydantic_core-2.18.2-cp311-cp311-manylinux_2_17_x86_64.manylinux2014_x86_64.whl", hash = "sha256:470b94480bb5ee929f5acba6995251ada5e059a5ef3e0dfc63cca287283ebfa6"},
    {file = "pydantic_core-2.18.2-cp311-cp311-manylinux_2_5_i686.manylinux1_i686.whl", hash = "sha256:997abc4df705d1295a42f95b4eec4950a37ad8ae46d913caeee117b6b198811c"},
    {file = "pydantic_core-2.18.2-cp311-cp311-musllinux_1_1_aarch64.whl", hash = "sha256:75250dbc5290e3f1a0f4618db35e51a165186f9034eff158f3d490b3fed9f8a0"},
    {file = "pydantic_core-2.18.2-cp311-cp311-musllinux_1_1_x86_64.whl", hash = "sha256:4456f2dca97c425231d7315737d45239b2b51a50dc2b6f0c2bb181fce6207664"},
    {file = "pydantic_core-2.18.2-cp311-none-win32.whl", hash = "sha256:269322dcc3d8bdb69f054681edff86276b2ff972447863cf34c8b860f5188e2e"},
    {file = "pydantic_core-2.18.2-cp311-none-win_amd64.whl", hash = "sha256:800d60565aec896f25bc3cfa56d2277d52d5182af08162f7954f938c06dc4ee3"},
    {file = "pydantic_core-2.18.2-cp311-none-win_arm64.whl", hash = "sha256:1404c69d6a676245199767ba4f633cce5f4ad4181f9d0ccb0577e1f66cf4c46d"},
    {file = "pydantic_core-2.18.2-cp312-cp312-macosx_10_12_x86_64.whl", hash = "sha256:fb2bd7be70c0fe4dfd32c951bc813d9fe6ebcbfdd15a07527796c8204bd36242"},
    {file = "pydantic_core-2.18.2-cp312-cp312-macosx_11_0_arm64.whl", hash = "sha256:6132dd3bd52838acddca05a72aafb6eab6536aa145e923bb50f45e78b7251043"},
    {file = "pydantic_core-2.18.2-cp312-cp312-manylinux_2_17_aarch64.manylinux2014_aarch64.whl", hash = "sha256:d7d904828195733c183d20a54230c0df0eb46ec746ea1a666730787353e87182"},
    {file = "pydantic_core-2.18.2-cp312-cp312-manylinux_2_17_armv7l.manylinux2014_armv7l.whl", hash = "sha256:c9bd70772c720142be1020eac55f8143a34ec9f82d75a8e7a07852023e46617f"},
    {file = "pydantic_core-2.18.2-cp312-cp312-manylinux_2_17_ppc64le.manylinux2014_ppc64le.whl", hash = "sha256:2b8ed04b3582771764538f7ee7001b02e1170223cf9b75dff0bc698fadb00cf3"},
    {file = "pydantic_core-2.18.2-cp312-cp312-manylinux_2_17_s390x.manylinux2014_s390x.whl", hash = "sha256:e6dac87ddb34aaec85f873d737e9d06a3555a1cc1a8e0c44b7f8d5daeb89d86f"},
    {file = "pydantic_core-2.18.2-cp312-cp312-manylinux_2_17_x86_64.manylinux2014_x86_64.whl", hash = "sha256:7ca4ae5a27ad7a4ee5170aebce1574b375de390bc01284f87b18d43a3984df72"},
    {file = "pydantic_core-2.18.2-cp312-cp312-manylinux_2_5_i686.manylinux1_i686.whl", hash = "sha256:886eec03591b7cf058467a70a87733b35f44707bd86cf64a615584fd72488b7c"},
    {file = "pydantic_core-2.18.2-cp312-cp312-musllinux_1_1_aarch64.whl", hash = "sha256:ca7b0c1f1c983e064caa85f3792dd2fe3526b3505378874afa84baf662e12241"},
    {file = "pydantic_core-2.18.2-cp312-cp312-musllinux_1_1_x86_64.whl", hash = "sha256:4b4356d3538c3649337df4074e81b85f0616b79731fe22dd11b99499b2ebbdf3"},
    {file = "pydantic_core-2.18.2-cp312-none-win32.whl", hash = "sha256:8b172601454f2d7701121bbec3425dd71efcb787a027edf49724c9cefc14c038"},
    {file = "pydantic_core-2.18.2-cp312-none-win_amd64.whl", hash = "sha256:b1bd7e47b1558ea872bd16c8502c414f9e90dcf12f1395129d7bb42a09a95438"},
    {file = "pydantic_core-2.18.2-cp312-none-win_arm64.whl", hash = "sha256:98758d627ff397e752bc339272c14c98199c613f922d4a384ddc07526c86a2ec"},
    {file = "pydantic_core-2.18.2-cp38-cp38-macosx_10_12_x86_64.whl", hash = "sha256:9fdad8e35f278b2c3eb77cbdc5c0a49dada440657bf738d6905ce106dc1de439"},
    {file = "pydantic_core-2.18.2-cp38-cp38-macosx_11_0_arm64.whl", hash = "sha256:1d90c3265ae107f91a4f279f4d6f6f1d4907ac76c6868b27dc7fb33688cfb347"},
    {file = "pydantic_core-2.18.2-cp38-cp38-manylinux_2_17_aarch64.manylinux2014_aarch64.whl", hash = "sha256:390193c770399861d8df9670fb0d1874f330c79caaca4642332df7c682bf6b91"},
    {file = "pydantic_core-2.18.2-cp38-cp38-manylinux_2_17_armv7l.manylinux2014_armv7l.whl", hash = "sha256:82d5d4d78e4448683cb467897fe24e2b74bb7b973a541ea1dcfec1d3cbce39fb"},
    {file = "pydantic_core-2.18.2-cp38-cp38-manylinux_2_17_ppc64le.manylinux2014_ppc64le.whl", hash = "sha256:4774f3184d2ef3e14e8693194f661dea5a4d6ca4e3dc8e39786d33a94865cefd"},
    {file = "pydantic_core-2.18.2-cp38-cp38-manylinux_2_17_s390x.manylinux2014_s390x.whl", hash = "sha256:d4d938ec0adf5167cb335acb25a4ee69a8107e4984f8fbd2e897021d9e4ca21b"},
    {file = "pydantic_core-2.18.2-cp38-cp38-manylinux_2_17_x86_64.manylinux2014_x86_64.whl", hash = "sha256:e0e8b1be28239fc64a88a8189d1df7fad8be8c1ae47fcc33e43d4be15f99cc70"},
    {file = "pydantic_core-2.18.2-cp38-cp38-manylinux_2_5_i686.manylinux1_i686.whl", hash = "sha256:868649da93e5a3d5eacc2b5b3b9235c98ccdbfd443832f31e075f54419e1b96b"},
    {file = "pydantic_core-2.18.2-cp38-cp38-musllinux_1_1_aarch64.whl", hash = "sha256:78363590ef93d5d226ba21a90a03ea89a20738ee5b7da83d771d283fd8a56761"},
    {file = "pydantic_core-2.18.2-cp38-cp38-musllinux_1_1_x86_64.whl", hash = "sha256:852e966fbd035a6468fc0a3496589b45e2208ec7ca95c26470a54daed82a0788"},
    {file = "pydantic_core-2.18.2-cp38-none-win32.whl", hash = "sha256:6a46e22a707e7ad4484ac9ee9f290f9d501df45954184e23fc29408dfad61350"},
    {file = "pydantic_core-2.18.2-cp38-none-win_amd64.whl", hash = "sha256:d91cb5ea8b11607cc757675051f61b3d93f15eca3cefb3e6c704a5d6e8440f4e"},
    {file = "pydantic_core-2.18.2-cp39-cp39-macosx_10_12_x86_64.whl", hash = "sha256:ae0a8a797a5e56c053610fa7be147993fe50960fa43609ff2a9552b0e07013e8"},
    {file = "pydantic_core-2.18.2-cp39-cp39-macosx_11_0_arm64.whl", hash = "sha256:042473b6280246b1dbf530559246f6842b56119c2926d1e52b631bdc46075f2a"},
    {file = "pydantic_core-2.18.2-cp39-cp39-manylinux_2_17_aarch64.manylinux2014_aarch64.whl", hash = "sha256:1a388a77e629b9ec814c1b1e6b3b595fe521d2cdc625fcca26fbc2d44c816804"},
    {file = "pydantic_core-2.18.2-cp39-cp39-manylinux_2_17_armv7l.manylinux2014_armv7l.whl", hash = "sha256:e25add29b8f3b233ae90ccef2d902d0ae0432eb0d45370fe315d1a5cf231004b"},
    {file = "pydantic_core-2.18.2-cp39-cp39-manylinux_2_17_ppc64le.manylinux2014_ppc64le.whl", hash = "sha256:f459a5ce8434614dfd39bbebf1041952ae01da6bed9855008cb33b875cb024c0"},
    {file = "pydantic_core-2.18.2-cp39-cp39-manylinux_2_17_s390x.manylinux2014_s390x.whl", hash = "sha256:eff2de745698eb46eeb51193a9f41d67d834d50e424aef27df2fcdee1b153845"},
    {file = "pydantic_core-2.18.2-cp39-cp39-manylinux_2_17_x86_64.manylinux2014_x86_64.whl", hash = "sha256:a8309f67285bdfe65c372ea3722b7a5642680f3dba538566340a9d36e920b5f0"},
    {file = "pydantic_core-2.18.2-cp39-cp39-manylinux_2_5_i686.manylinux1_i686.whl", hash = "sha256:f93a8a2e3938ff656a7c1bc57193b1319960ac015b6e87d76c76bf14fe0244b4"},
    {file = "pydantic_core-2.18.2-cp39-cp39-musllinux_1_1_aarch64.whl", hash = "sha256:22057013c8c1e272eb8d0eebc796701167d8377441ec894a8fed1af64a0bf399"},
    {file = "pydantic_core-2.18.2-cp39-cp39-musllinux_1_1_x86_64.whl", hash = "sha256:cfeecd1ac6cc1fb2692c3d5110781c965aabd4ec5d32799773ca7b1456ac636b"},
    {file = "pydantic_core-2.18.2-cp39-none-win32.whl", hash = "sha256:0d69b4c2f6bb3e130dba60d34c0845ba31b69babdd3f78f7c0c8fae5021a253e"},
    {file = "pydantic_core-2.18.2-cp39-none-win_amd64.whl", hash = "sha256:d9319e499827271b09b4e411905b24a426b8fb69464dfa1696258f53a3334641"},
    {file = "pydantic_core-2.18.2-pp310-pypy310_pp73-macosx_10_12_x86_64.whl", hash = "sha256:a1874c6dd4113308bd0eb568418e6114b252afe44319ead2b4081e9b9521fe75"},
    {file = "pydantic_core-2.18.2-pp310-pypy310_pp73-macosx_11_0_arm64.whl", hash = "sha256:ccdd111c03bfd3666bd2472b674c6899550e09e9f298954cfc896ab92b5b0e6d"},
    {file = "pydantic_core-2.18.2-pp310-pypy310_pp73-manylinux_2_17_aarch64.manylinux2014_aarch64.whl", hash = "sha256:e18609ceaa6eed63753037fc06ebb16041d17d28199ae5aba0052c51449650a9"},
    {file = "pydantic_core-2.18.2-pp310-pypy310_pp73-manylinux_2_17_x86_64.manylinux2014_x86_64.whl", hash = "sha256:6e5c584d357c4e2baf0ff7baf44f4994be121e16a2c88918a5817331fc7599d7"},
    {file = "pydantic_core-2.18.2-pp310-pypy310_pp73-manylinux_2_5_i686.manylinux1_i686.whl", hash = "sha256:43f0f463cf89ace478de71a318b1b4f05ebc456a9b9300d027b4b57c1a2064fb"},
    {file = "pydantic_core-2.18.2-pp310-pypy310_pp73-musllinux_1_1_aarch64.whl", hash = "sha256:e1b395e58b10b73b07b7cf740d728dd4ff9365ac46c18751bf8b3d8cca8f625a"},
    {file = "pydantic_core-2.18.2-pp310-pypy310_pp73-musllinux_1_1_x86_64.whl", hash = "sha256:0098300eebb1c837271d3d1a2cd2911e7c11b396eac9661655ee524a7f10587b"},
    {file = "pydantic_core-2.18.2-pp310-pypy310_pp73-win_amd64.whl", hash = "sha256:36789b70d613fbac0a25bb07ab3d9dba4d2e38af609c020cf4d888d165ee0bf3"},
    {file = "pydantic_core-2.18.2-pp39-pypy39_pp73-macosx_10_12_x86_64.whl", hash = "sha256:3f9a801e7c8f1ef8718da265bba008fa121243dfe37c1cea17840b0944dfd72c"},
    {file = "pydantic_core-2.18.2-pp39-pypy39_pp73-macosx_11_0_arm64.whl", hash = "sha256:3a6515ebc6e69d85502b4951d89131ca4e036078ea35533bb76327f8424531ce"},
    {file = "pydantic_core-2.18.2-pp39-pypy39_pp73-manylinux_2_17_aarch64.manylinux2014_aarch64.whl", hash = "sha256:20aca1e2298c56ececfd8ed159ae4dde2df0781988c97ef77d5c16ff4bd5b400"},
    {file = "pydantic_core-2.18.2-pp39-pypy39_pp73-manylinux_2_17_x86_64.manylinux2014_x86_64.whl", hash = "sha256:223ee893d77a310a0391dca6df00f70bbc2f36a71a895cecd9a0e762dc37b349"},
    {file = "pydantic_core-2.18.2-pp39-pypy39_pp73-manylinux_2_5_i686.manylinux1_i686.whl", hash = "sha256:2334ce8c673ee93a1d6a65bd90327588387ba073c17e61bf19b4fd97d688d63c"},
    {file = "pydantic_core-2.18.2-pp39-pypy39_pp73-musllinux_1_1_aarch64.whl", hash = "sha256:cbca948f2d14b09d20268cda7b0367723d79063f26c4ffc523af9042cad95592"},
    {file = "pydantic_core-2.18.2-pp39-pypy39_pp73-musllinux_1_1_x86_64.whl", hash = "sha256:b3ef08e20ec49e02d5c6717a91bb5af9b20f1805583cb0adfe9ba2c6b505b5ae"},
    {file = "pydantic_core-2.18.2-pp39-pypy39_pp73-win_amd64.whl", hash = "sha256:c6fdc8627910eed0c01aed6a390a252fe3ea6d472ee70fdde56273f198938374"},
    {file = "pydantic_core-2.18.2.tar.gz", hash = "sha256:2e29d20810dfc3043ee13ac7d9e25105799817683348823f305ab3f349b9386e"},
]

[package.dependencies]
typing-extensions = ">=4.6.0,<4.7.0 || >4.7.0"

[[package]]
name = "pypika-tortoise"
version = "0.1.6"
description = "Forked from pypika and streamline just for tortoise-orm"
optional = false
python-versions = ">=3.7,<4.0"
files = [
    {file = "pypika-tortoise-0.1.6.tar.gz", hash = "sha256:d802868f479a708e3263724c7b5719a26ad79399b2a70cea065f4a4cadbebf36"},
    {file = "pypika_tortoise-0.1.6-py3-none-any.whl", hash = "sha256:2d68bbb7e377673743cff42aa1059f3a80228d411fbcae591e4465e173109fd8"},
]

[[package]]
name = "pytest"
version = "8.3.1"
description = "pytest: simple powerful testing with Python"
optional = false
python-versions = ">=3.8"
files = [
    {file = "pytest-8.3.1-py3-none-any.whl", hash = "sha256:e9600ccf4f563976e2c99fa02c7624ab938296551f280835ee6516df8bc4ae8c"},
    {file = "pytest-8.3.1.tar.gz", hash = "sha256:7e8e5c5abd6e93cb1cc151f23e57adc31fcf8cfd2a3ff2da63e23f732de35db6"},
]

[package.dependencies]
colorama = {version = "*", markers = "sys_platform == \"win32\""}
exceptiongroup = {version = ">=1.0.0rc8", markers = "python_version < \"3.11\""}
iniconfig = "*"
packaging = "*"
pluggy = ">=1.5,<2"
tomli = {version = ">=1", markers = "python_version < \"3.11\""}

[package.extras]
dev = ["argcomplete", "attrs (>=19.2)", "hypothesis (>=3.56)", "mock", "pygments (>=2.7.2)", "requests", "setuptools", "xmlschema"]

[[package]]
name = "pytz"
version = "2023.3"
description = "World timezone definitions, modern and historical"
optional = false
python-versions = "*"
files = [
    {file = "pytz-2023.3-py2.py3-none-any.whl", hash = "sha256:a151b3abb88eda1d4e34a9814df37de2a80e301e68ba0fd856fb9b46bfbbbffb"},
    {file = "pytz-2023.3.tar.gz", hash = "sha256:1d8ce29db189191fb55338ee6d0387d82ab59f3d00eac103412d64e0ebd0c588"},
]

[[package]]
name = "tomli"
version = "2.0.1"
description = "A lil' TOML parser"
optional = false
python-versions = ">=3.7"
files = [
    {file = "tomli-2.0.1-py3-none-any.whl", hash = "sha256:939de3e7a6161af0c887ef91b7d41a53e7c5a1ca976325f429cb46ea9bc30ecc"},
    {file = "tomli-2.0.1.tar.gz", hash = "sha256:de526c12914f0c550d15924c62d72abc48d6fe7364aa87328337a31007fe8a4f"},
]

[[package]]
name = "tortoise-orm"
version = "0.21.4"
description = "Easy async ORM for python, built with relations in mind"
optional = false
python-versions = "<4.0,>=3.8"
files = [
    {file = "tortoise_orm-0.21.4-py3-none-any.whl", hash = "sha256:2ade41ae1d9c7279adb9c69199357cb1dce9380c4c880c32713f99c1e057ce5f"},
    {file = "tortoise_orm-0.21.4.tar.gz", hash = "sha256:1d6a4ed450ac831e5f520c369c6ba8e0ff947c8e34b4edd40ba8a94c4efcd0aa"},
]

[package.dependencies]
aiosqlite = ">=0.16.0,<0.18.0"
iso8601 = ">=1.0.2,<2.0.0"
pydantic = ">=2.0,<2.7.0 || >2.7.0,<3.0"
pypika-tortoise = ">=0.1.6,<0.2.0"
pytz = "*"

[package.extras]
accel = ["ciso8601", "orjson", "uvloop"]
aiomysql = ["aiomysql"]
asyncmy = ["asyncmy (>=0.2.8,<0.3.0)"]
asyncodbc = ["asyncodbc (>=0.1.1,<0.2.0)"]
asyncpg = ["asyncpg"]
psycopg = ["psycopg[binary,pool] (>=3.0.12,<4.0.0)"]

[[package]]
name = "typing-extensions"
version = "4.6.3"
description = "Backported and Experimental Type Hints for Python 3.7+"
optional = false
python-versions = ">=3.7"
files = [
    {file = "typing_extensions-4.6.3-py3-none-any.whl", hash = "sha256:88a4153d8505aabbb4e13aacb7c486c2b4a33ca3b3f807914a9b4c844c471c26"},
    {file = "typing_extensions-4.6.3.tar.gz", hash = "sha256:d91d5919357fe7f681a9f2b5b4cb2a5f1ef0a1e9f59c4d8ff0d3491e05c0ffd5"},
]

[[package]]
name = "versionbump"
version = "1.1.1"
description = "Generate version strings based on semantic versioning rules."
optional = false
python-versions = "*"
files = [
    {file = "versionbump-1.1.1.tar.gz", hash = "sha256:128611ec7dfe3bb09427d7a7a4cbb465cc870240b16d4a35daf2b7f2ddd6a6ef"},
]

[metadata]
lock-version = "2.0"
python-versions = "^3.8"
content-hash = "193b483a5825764ecc2cad984d690293c12d4a2acc7ec6041030d56acae1e0d5"
