[[package]]
name = "aiosqlite"
version = "0.16.1"
description = "asyncio bridge to the standard sqlite3 module"
category = "main"
optional = false
python-versions = ">=3.6"

[package.dependencies]
typing_extensions = ">=3.7.2"

[[package]]
name = "iso8601"
version = "0.1.16"
description = "Simple module to parse ISO 8601 dates"
category = "main"
optional = false
python-versions = "*"

[[package]]
name = "pypika-tortoise"
version = "0.1.1"
description = "Forked from pypika and streamline just for tortoise-orm"
category = "main"
optional = false
python-versions = ">=3.7,<4.0"

[[package]]
name = "pytz"
version = "2021.1"
description = "World timezone definitions, modern and historical"
category = "main"
optional = false
python-versions = "*"

[[package]]
name = "tortoise-data-migration"
version = "0.1.11"
description = "Tortoise migrations for data, not structure"
category = "main"
optional = false
python-versions = ">=3.8"

[package.dependencies]
tortoise-orm = ">=0.17,<1.0"

[[package]]
name = "tortoise-orm"
version = "0.17.5"
description = "Easy async ORM for python, built with relations in mind"
category = "main"
optional = false
python-versions = ">=3.7,<4.0"

[package.dependencies]
aiosqlite = ">=0.16.0,<0.17.0"
iso8601 = ">=0.1.13,<0.2.0"
pypika-tortoise = ">=0.1.1,<0.2.0"
pytz = "*"

[package.extras]
docs = ["pygments", "cloud-sptheme", "docutils", "sphinx"]
aiomysql = ["aiomysql"]
asyncmy = ["asyncmy"]
asyncpg = ["asyncpg"]
accel = ["ciso8601 (>=2.1.2,<3.0.0)", "python-rapidjson", "uvloop (>=0.14.0,<0.15.0)"]

[[package]]
name = "typing-extensions"
version = "3.10.0.0"
description = "Backported and Experimental Type Hints for Python 3.5+"
category = "main"
optional = false
python-versions = "*"

[metadata]
lock-version = "1.1"
python-versions = "^3.8"
content-hash = "32bd658842d920d6ab8d1dfec8c0dc38a7e7748b57b0b91df7b648408830266f"

[metadata.files]
aiosqlite = [
    {file = "aiosqlite-0.16.1-py3-none-any.whl", hash = "sha256:1df802815bb1e08a26c06d5ea9df589bcb8eec56e5f3378103b0f9b223c6703c"},
    {file = "aiosqlite-0.16.1.tar.gz", hash = "sha256:2e915463164efa65b60fd1901aceca829b6090082f03082618afca6fb9c8fdf7"},
]
iso8601 = [
    {file = "iso8601-0.1.16-py2.py3-none-any.whl", hash = "sha256:906714829fedbc89955d52806c903f2332e3948ed94e31e85037f9e0226b8376"},
    {file = "iso8601-0.1.16.tar.gz", hash = "sha256:36532f77cc800594e8f16641edae7f1baf7932f05d8e508545b95fc53c6dc85b"},
]
pypika-tortoise = [
    {file = "pypika-tortoise-0.1.1.tar.gz", hash = "sha256:6831d0a56e5e0ecefac3307dd9bdb3e5073fdac5d617401601d3a6713e059f3c"},
    {file = "pypika_tortoise-0.1.1-py3-none-any.whl", hash = "sha256:860020094e01058ea80602c90d4a843d0a42cffefcf4f3cb1a7f2c18b880c638"},
]
pytz = [
    {file = "pytz-2021.1-py2.py3-none-any.whl", hash = "sha256:eb10ce3e7736052ed3623d49975ce333bcd712c7bb19a58b9e2089d4057d0798"},
    {file = "pytz-2021.1.tar.gz", hash = "sha256:83a4a90894bf38e243cf052c8b58f381bfe9a7a483f6a9cab140bc7f702ac4da"},
]
tortoise-data-migration = [
    {file = "tortoise-data-migration-0.1.11.tar.gz", hash = "sha256:1c89d13c8992b0df366738f9fa207023b318b61f1a7341cdfe9a3c140f2c4d05"},
    {file = "tortoise_data_migration-0.1.11-py3-none-any.whl", hash = "sha256:0fdcc0e32931b60762f90e91c4b4799209945c90d39f3e7f9238e80719cf6ae3"},
]
tortoise-orm = [
    {file = "tortoise-orm-0.17.5.tar.gz", hash = "sha256:65a930e6e6050866dc18a7d251a77a6dd2616e814da3ede8bda990147fa6b7d5"},
    {file = "tortoise_orm-0.17.5-py3-none-any.whl", hash = "sha256:978ec824837b44373fb1b3669d443d823c71b080e39db37db72355fde6cadc24"},
]
typing-extensions = [
    {file = "typing_extensions-3.10.0.0-py2-none-any.whl", hash = "sha256:0ac0f89795dd19de6b97debb0c6af1c70987fd80a2d62d1958f7e56fcc31b497"},
    {file = "typing_extensions-3.10.0.0-py3-none-any.whl", hash = "sha256:779383f6086d90c99ae41cf0ff39aac8a7937a9283ce0a414e5dd782f4c94a84"},
    {file = "typing_extensions-3.10.0.0.tar.gz", hash = "sha256:50b6f157849174217d0656f99dc82fe932884fb250826c18350e159ec6cdf342"},
]
